DEPENDENCIES
  elephant
    git: git://github.com/jeroenj/chef-elephant.git
    revision: 577400038a4b7198e9ac2724a35ef0d141017450
  homebrew
    git: git://github.com/jeroenj/homebrew-cookbook.git
    revision: 0476e8c8814b46cc009d93e0801dbfd31ed2e54a
    ref: cask-in
  mac_os_x

GRAPH
  elephant (0.0.1)
    homebrew (>= 0.0.0)
    mac_os_x (>= 0.0.0)
  homebrew (1.9.0)
  mac_os_x (1.4.6)
