SITE
  remote: https://supermarket.getchef.com/api/v1
  specs:
    homebrew (1.6.6)
    mac_os_x (1.4.4)

GIT
  remote: https://github.com/jeroenj/chef-elephant
  ref: master
  sha: c3904e41a1b56c6983b2674d62db7d442acf7362
  specs:
    elephant (0.0.1)
      homebrew (>= 0.0.0)
      mac_os_x (>= 0.0.0)

DEPENDENCIES
  elephant (>= 0)
  homebrew (>= 0)
  mac_os_x (>= 0)

