SITE
  remote: http://community.opscode.com/api/v1
  specs:
    dmg (1.1.0)
    homebrew (1.3.2)
    xquartz (1.0.0)
      dmg (~> 1.1)

GIT
  remote: https://github.com/jeroenj/chef-elephant
  ref: master
  sha: dadbdcc9b3f60e52a3dadee2db8a9db78af96e02
  specs:
    elephant (0.0.1)
      dmg (>= 0.0.0)

GIT
  remote: https://github.com/jtimberman/mac_os_x-cookbook.git
  ref: master
  sha: 5055975f967e4fcc4c5d733a5bc6257e3adbff2c
  specs:
    mac_os_x (1.4.2)

DEPENDENCIES
  dmg (>= 0)
  elephant (>= 0)
  homebrew (>= 0)
  mac_os_x (>= 0)
  ruby_build (>= 0)
  xquartz (>= 0)

